
Microsoft Visual Studio Solution File, Format Version 12.00
# Visual Studio Version 17
VisualStudioVersion = 17.3.32929.385
MinimumVisualStudioVersion = 10.0.40219.1
Project("{FAE04EC0-301F-11D3-BF4B-00C04F79EFBC}") = "dinamikadodiscınnectodev2412", "dinamikadodiscınnectodev2412\dinamikadodiscınnectodev2412.csproj", "{DF6FF4E1-7246-4074-9856-06AB9F40406B}"
EndProject
Global
	GlobalSection(SolutionConfigurationPlatforms) = preSolution
		Debug|Any CPU = Debug|Any CPU
		Release|Any CPU = Release|Any CPU
	EndGlobalSection
	GlobalSection(ProjectConfigurationPlatforms) = postSolution
		{DF6FF4E1-7246-4074-9856-06AB9F40406B}.Debug|Any CPU.ActiveCfg = Debug|Any CPU
		{DF6FF4E1-7246-4074-9856-06AB9F40406B}.Debug|Any CPU.Build.0 = Debug|Any CPU
		{DF6FF4E1-7246-4074-9856-06AB9F40406B}.Release|Any CPU.ActiveCfg = Release|Any CPU
		{DF6FF4E1-7246-4074-9856-06AB9F40406B}.Release|Any CPU.Build.0 = Release|Any CPU
	EndGlobalSection
	GlobalSection(SolutionProperties) = preSolution
		HideSolutionNode = FALSE
	EndGlobalSection
	GlobalSection(ExtensibilityGlobals) = postSolution
		SolutionGuid = {0815E5B2-EF7F-44A4-A9AC-46D9B9D3C042}
	EndGlobalSection
EndGlobal
